
Microsoft Visual Studio Solution File, Format Version 12.00
# Visual Studio 15
VisualStudioVersion = 15.0.26124.0
MinimumVisualStudioVersion = 15.0.26124.0
Project("{2150E333-8FDC-42A3-9474-1A3956D46DE8}") = "UI", "UI", "{F2F8C96E-38E2-45F0-9695-4B6FFC2D69D5}"
EndProject
Project("{FAE04EC0-301F-11D3-BF4B-00C04F79EFBC}") = "SistemaMAV.UI.Web", "UI\Web\SistemaMAV.UI.Web.csproj", "{D0F7F2EF-65A8-47EF-819D-34137577431E}"
EndProject
Project("{FAE04EC0-301F-11D3-BF4B-00C04F79EFBC}") = "SistemaMAV.DataAccess", "DataAccess\SistemaMAV.DataAccess.csproj", "{135B8A06-7272-4A16-B09A-BA997A0C69A1}"
EndProject
Project("{FAE04EC0-301F-11D3-BF4B-00C04F79EFBC}") = "SistemaMAV.Entities", "Entities\SistemaMAV.Entities.csproj", "{1DAC485E-0928-4559-A261-DAD0227A5F5A}"
EndProject
Global
	GlobalSection(SolutionConfigurationPlatforms) = preSolution
		Debug|Any CPU = Debug|Any CPU
		Debug|x64 = Debug|x64
		Debug|x86 = Debug|x86
		Release|Any CPU = Release|Any CPU
		Release|x64 = Release|x64
		Release|x86 = Release|x86
	EndGlobalSection
	GlobalSection(SolutionProperties) = preSolution
		HideSolutionNode = FALSE
	EndGlobalSection
	GlobalSection(ProjectConfigurationPlatforms) = postSolution
		{D0F7F2EF-65A8-47EF-819D-34137577431E}.Debug|Any CPU.ActiveCfg = Debug|Any CPU
		{D0F7F2EF-65A8-47EF-819D-34137577431E}.Debug|Any CPU.Build.0 = Debug|Any CPU
		{D0F7F2EF-65A8-47EF-819D-34137577431E}.Debug|x64.ActiveCfg = Debug|Any CPU
		{D0F7F2EF-65A8-47EF-819D-34137577431E}.Debug|x64.Build.0 = Debug|Any CPU
		{D0F7F2EF-65A8-47EF-819D-34137577431E}.Debug|x86.ActiveCfg = Debug|Any CPU
		{D0F7F2EF-65A8-47EF-819D-34137577431E}.Debug|x86.Build.0 = Debug|Any CPU
		{D0F7F2EF-65A8-47EF-819D-34137577431E}.Release|Any CPU.ActiveCfg = Release|Any CPU
		{D0F7F2EF-65A8-47EF-819D-34137577431E}.Release|Any CPU.Build.0 = Release|Any CPU
		{D0F7F2EF-65A8-47EF-819D-34137577431E}.Release|x64.ActiveCfg = Release|Any CPU
		{D0F7F2EF-65A8-47EF-819D-34137577431E}.Release|x64.Build.0 = Release|Any CPU
		{D0F7F2EF-65A8-47EF-819D-34137577431E}.Release|x86.ActiveCfg = Release|Any CPU
		{D0F7F2EF-65A8-47EF-819D-34137577431E}.Release|x86.Build.0 = Release|Any CPU
		{135B8A06-7272-4A16-B09A-BA997A0C69A1}.Debug|Any CPU.ActiveCfg = Debug|Any CPU
		{135B8A06-7272-4A16-B09A-BA997A0C69A1}.Debug|Any CPU.Build.0 = Debug|Any CPU
		{135B8A06-7272-4A16-B09A-BA997A0C69A1}.Debug|x64.ActiveCfg = Debug|Any CPU
		{135B8A06-7272-4A16-B09A-BA997A0C69A1}.Debug|x64.Build.0 = Debug|Any CPU
		{135B8A06-7272-4A16-B09A-BA997A0C69A1}.Debug|x86.ActiveCfg = Debug|Any CPU
		{135B8A06-7272-4A16-B09A-BA997A0C69A1}.Debug|x86.Build.0 = Debug|Any CPU
		{135B8A06-7272-4A16-B09A-BA997A0C69A1}.Release|Any CPU.ActiveCfg = Release|Any CPU
		{135B8A06-7272-4A16-B09A-BA997A0C69A1}.Release|Any CPU.Build.0 = Release|Any CPU
		{135B8A06-7272-4A16-B09A-BA997A0C69A1}.Release|x64.ActiveCfg = Release|Any CPU
		{135B8A06-7272-4A16-B09A-BA997A0C69A1}.Release|x64.Build.0 = Release|Any CPU
		{135B8A06-7272-4A16-B09A-BA997A0C69A1}.Release|x86.ActiveCfg = Release|Any CPU
		{135B8A06-7272-4A16-B09A-BA997A0C69A1}.Release|x86.Build.0 = Release|Any CPU
		{1DAC485E-0928-4559-A261-DAD0227A5F5A}.Debug|Any CPU.ActiveCfg = Debug|Any CPU
		{1DAC485E-0928-4559-A261-DAD0227A5F5A}.Debug|Any CPU.Build.0 = Debug|Any CPU
		{1DAC485E-0928-4559-A261-DAD0227A5F5A}.Debug|x64.ActiveCfg = Debug|Any CPU
		{1DAC485E-0928-4559-A261-DAD0227A5F5A}.Debug|x64.Build.0 = Debug|Any CPU
		{1DAC485E-0928-4559-A261-DAD0227A5F5A}.Debug|x86.ActiveCfg = Debug|Any CPU
		{1DAC485E-0928-4559-A261-DAD0227A5F5A}.Debug|x86.Build.0 = Debug|Any CPU
		{1DAC485E-0928-4559-A261-DAD0227A5F5A}.Release|Any CPU.ActiveCfg = Release|Any CPU
		{1DAC485E-0928-4559-A261-DAD0227A5F5A}.Release|Any CPU.Build.0 = Release|Any CPU
		{1DAC485E-0928-4559-A261-DAD0227A5F5A}.Release|x64.ActiveCfg = Release|Any CPU
		{1DAC485E-0928-4559-A261-DAD0227A5F5A}.Release|x64.Build.0 = Release|Any CPU
		{1DAC485E-0928-4559-A261-DAD0227A5F5A}.Release|x86.ActiveCfg = Release|Any CPU
		{1DAC485E-0928-4559-A261-DAD0227A5F5A}.Release|x86.Build.0 = Release|Any CPU
	EndGlobalSection
	GlobalSection(NestedProjects) = preSolution
		{D0F7F2EF-65A8-47EF-819D-34137577431E} = {F2F8C96E-38E2-45F0-9695-4B6FFC2D69D5}
	EndGlobalSection
EndGlobal
